
Microsoft Visual Studio Solution File, Format Version 12.00
# Visual Studio Version 17
VisualStudioVersion = 17.10.34928.147
MinimumVisualStudioVersion = 10.0.40219.1
Project("{9A19103F-16F7-4668-BE54-9A1E7A4F7556}") = "SEN320Labs", "SEN320Labs/SEN320Labs.csproj", "{26C49CBD-71AF-4F2F-AC76-AA927E9055D9}"
EndProject
Project("{9A19103F-16F7-4668-BE54-9A1E7A4F7556}") = "SaltedHashLibrary", "SaltedHashLibrary/SaltedHashLibrary.csproj", "{9250E29B-A905-46E4-8B8C-7B2AF7D63379}"
EndProject
Project("{9A19103F-16F7-4668-BE54-9A1E7A4F7556}") = "DatabaseLibrary", "DatabaseLibrary/DatabaseLibrary.csproj", "{74784B08-B7DA-4676-B166-9DC955351EA9}"
EndProject
Project("{9A19103F-16F7-4668-BE54-9A1E7A4F7556}") = "XORCipherLibrary", "XORCipherLibrary/XORCipherLibrary.csproj", "{10840121-D77E-4252-9C40-F3B3C667D70F}"
EndProject
Global
	GlobalSection(SolutionConfigurationPlatforms) = preSolution
		Debug|Any CPU = Debug|Any CPU
		Release|Any CPU = Release|Any CPU
	EndGlobalSection
	GlobalSection(ProjectConfigurationPlatforms) = postSolution
		{26C49CBD-71AF-4F2F-AC76-AA927E9055D9}.Debug|Any CPU.ActiveCfg = Debug|Any CPU
		{26C49CBD-71AF-4F2F-AC76-AA927E9055D9}.Debug|Any CPU.Build.0 = Debug|Any CPU
		{26C49CBD-71AF-4F2F-AC76-AA927E9055D9}.Release|Any CPU.ActiveCfg = Release|Any CPU
		{26C49CBD-71AF-4F2F-AC76-AA927E9055D9}.Release|Any CPU.Build.0 = Release|Any CPU
		{9250E29B-A905-46E4-8B8C-7B2AF7D63379}.Debug|Any CPU.ActiveCfg = Debug|Any CPU
		{9250E29B-A905-46E4-8B8C-7B2AF7D63379}.Debug|Any CPU.Build.0 = Debug|Any CPU
		{9250E29B-A905-46E4-8B8C-7B2AF7D63379}.Release|Any CPU.ActiveCfg = Release|Any CPU
		{9250E29B-A905-46E4-8B8C-7B2AF7D63379}.Release|Any CPU.Build.0 = Release|Any CPU
		{74784B08-B7DA-4676-B166-9DC955351EA9}.Debug|Any CPU.ActiveCfg = Debug|Any CPU
		{74784B08-B7DA-4676-B166-9DC955351EA9}.Debug|Any CPU.Build.0 = Debug|Any CPU
		{74784B08-B7DA-4676-B166-9DC955351EA9}.Release|Any CPU.ActiveCfg = Release|Any CPU
		{74784B08-B7DA-4676-B166-9DC955351EA9}.Release|Any CPU.Build.0 = Release|Any CPU
		{10840121-D77E-4252-9C40-F3B3C667D70F}.Debug|Any CPU.ActiveCfg = Debug|Any CPU
		{10840121-D77E-4252-9C40-F3B3C667D70F}.Debug|Any CPU.Build.0 = Debug|Any CPU
		{10840121-D77E-4252-9C40-F3B3C667D70F}.Release|Any CPU.ActiveCfg = Release|Any CPU
		{10840121-D77E-4252-9C40-F3B3C667D70F}.Release|Any CPU.Build.0 = Release|Any CPU
	EndGlobalSection
	GlobalSection(SolutionProperties) = preSolution
		HideSolutionNode = FALSE
	EndGlobalSection
	GlobalSection(ExtensibilityGlobals) = postSolution
		SolutionGuid = {454885F9-B420-4BE6-85D7-B4F7638DEA3C}
	EndGlobalSection
EndGlobal
